// !$*UTF8*$!
{
	archiveVersion = 1;
	classes = {
	};
	objectVersion = 51;
	objects = {

/* Begin PBXBuildFile section */
		AF04A30DD9F1E794615DED00 /* Pods_Login.framework in Frameworks */ = {isa = PBXBuildFile; fileRef = 290F270B2BBB73C0A324050D /* Pods_Login.framework */; };
		B7A4F0BE2462C91F00DFC2C8 /* AppDelegate.swift in Sources */ = {isa = PBXBuildFile; fileRef = B7A4F0BD2462C91F00DFC2C8 /* AppDelegate.swift */; };
		B7A4F0C02462C91F00DFC2C8 /* SceneDelegate.swift in Sources */ = {isa = PBXBuildFile; fileRef = B7A4F0BF2462C91F00DFC2C8 /* SceneDelegate.swift */; };
		B7A4F0C22462C91F00DFC2C8 /* ViewController.swift in Sources */ = {isa = PBXBuildFile; fileRef = B7A4F0C12462C91F00DFC2C8 /* ViewController.swift */; };
		B7A4F0C52462C91F00DFC2C8 /* Main.storyboard in Resources */ = {isa = PBXBuildFile; fileRef = B7A4F0C32462C91F00DFC2C8 /* Main.storyboard */; };
		B7A4F0C72462C92000DFC2C8 /* Assets.xcassets in Resources */ = {isa = PBXBuildFile; fileRef = B7A4F0C62462C92000DFC2C8 /* Assets.xcassets */; };
		B7A4F0CA2462C92000DFC2C8 /* LaunchScreen.storyboard in Resources */ = {isa = PBXBuildFile; fileRef = B7A4F0C82462C92000DFC2C8 /* LaunchScreen.storyboard */; };
		B7A4F0D22462CA9E00DFC2C8 /* LoginTableViewController.swift in Sources */ = {isa = PBXBuildFile; fileRef = B7A4F0D12462CA9E00DFC2C8 /* LoginTableViewController.swift */; };
		B7A4F0D42462CD8100DFC2C8 /* EmailTableViewCell.swift in Sources */ = {isa = PBXBuildFile; fileRef = B7A4F0D32462CD8100DFC2C8 /* EmailTableViewCell.swift */; };
		B7A4F0D62462D75800DFC2C8 /* PasswordTableViewCell.swift in Sources */ = {isa = PBXBuildFile; fileRef = B7A4F0D52462D75800DFC2C8 /* PasswordTableViewCell.swift */; };
		B7A4F0D82470F12600DFC2C8 /* SessionCreate.swift in Sources */ = {isa = PBXBuildFile; fileRef = B7A4F0D72470F12600DFC2C8 /* SessionCreate.swift */; };
/* End PBXBuildFile section */

/* Begin PBXFileReference section */
		290F270B2BBB73C0A324050D /* Pods_Login.framework */ = {isa = PBXFileReference; explicitFileType = wrapper.framework; includeInIndex = 0; path = Pods_Login.framework; sourceTree = BUILT_PRODUCTS_DIR; };
		B7A4F0BA2462C91F00DFC2C8 /* Login.app */ = {isa = PBXFileReference; explicitFileType = wrapper.application; includeInIndex = 0; path = Login.app; sourceTree = BUILT_PRODUCTS_DIR; };
		B7A4F0BD2462C91F00DFC2C8 /* AppDelegate.swift */ = {isa = PBXFileReference; lastKnownFileType = sourcecode.swift; path = AppDelegate.swift; sourceTree = "<group>"; };
		B7A4F0BF2462C91F00DFC2C8 /* SceneDelegate.swift */ = {isa = PBXFileReference; lastKnownFileType = sourcecode.swift; path = SceneDelegate.swift; sourceTree = "<group>"; };
		B7A4F0C12462C91F00DFC2C8 /* ViewController.swift */ = {isa = PBXFileReference; lastKnownFileType = sourcecode.swift; path = ViewController.swift; sourceTree = "<group>"; };
		B7A4F0C42462C91F00DFC2C8 /* Base */ = {isa = PBXFileReference; lastKnownFileType = file.storyboard; name = Base; path = Base.lproj/Main.storyboard; sourceTree = "<group>"; };
		B7A4F0C62462C92000DFC2C8 /* Assets.xcassets */ = {isa = PBXFileReference; lastKnownFileType = folder.assetcatalog; path = Assets.xcassets; sourceTree = "<group>"; };
		B7A4F0C92462C92000DFC2C8 /* Base */ = {isa = PBXFileReference; lastKnownFileType = file.storyboard; name = Base; path = Base.lproj/LaunchScreen.storyboard; sourceTree = "<group>"; };
		B7A4F0CB2462C92000DFC2C8 /* Info.plist */ = {isa = PBXFileReference; lastKnownFileType = text.plist.xml; path = Info.plist; sourceTree = "<group>"; };
		B7A4F0D12462CA9E00DFC2C8 /* LoginTableViewController.swift */ = {isa = PBXFileReference; lastKnownFileType = sourcecode.swift; path = LoginTableViewController.swift; sourceTree = "<group>"; };
		B7A4F0D32462CD8100DFC2C8 /* EmailTableViewCell.swift */ = {isa = PBXFileReference; lastKnownFileType = sourcecode.swift; path = EmailTableViewCell.swift; sourceTree = "<group>"; };
		B7A4F0D52462D75800DFC2C8 /* PasswordTableViewCell.swift */ = {isa = PBXFileReference; lastKnownFileType = sourcecode.swift; path = PasswordTableViewCell.swift; sourceTree = "<group>"; };
		B7A4F0D72470F12600DFC2C8 /* SessionCreate.swift */ = {isa = PBXFileReference; lastKnownFileType = sourcecode.swift; path = SessionCreate.swift; sourceTree = "<group>"; };
		CC36A5D944DB31E84C84E228 /* Pods-Login.release.xcconfig */ = {isa = PBXFileReference; includeInIndex = 1; lastKnownFileType = text.xcconfig; name = "Pods-Login.release.xcconfig"; path = "Target Support Files/Pods-Login/Pods-Login.release.xcconfig"; sourceTree = "<group>"; };
		E2F6636A78366CD1BDC2413D /* Pods-Login.debug.xcconfig */ = {isa = PBXFileReference; includeInIndex = 1; lastKnownFileType = text.xcconfig; name = "Pods-Login.debug.xcconfig"; path = "Target Support Files/Pods-Login/Pods-Login.debug.xcconfig"; sourceTree = "<group>"; };
/* End PBXFileReference section */

/* Begin PBXFrameworksBuildPhase section */
		B7A4F0B72462C91F00DFC2C8 /* Frameworks */ = {
			isa = PBXFrameworksBuildPhase;
			buildActionMask = 2147483647;
			files = (
				AF04A30DD9F1E794615DED00 /* Pods_Login.framework in Frameworks */,
			);
			runOnlyForDeploymentPostprocessing = 0;
		};
/* End PBXFrameworksBuildPhase section */

/* Begin PBXGroup section */
		43B4B09D764805EF69E81100 /* Pods */ = {
			isa = PBXGroup;
			children = (
				E2F6636A78366CD1BDC2413D /* Pods-Login.debug.xcconfig */,
				CC36A5D944DB31E84C84E228 /* Pods-Login.release.xcconfig */,
			);
			path = Pods;
			sourceTree = "<group>";
		};
		98E465DF2F5C5D3F166CC764 /* Frameworks */ = {
			isa = PBXGroup;
			children = (
				290F270B2BBB73C0A324050D /* Pods_Login.framework */,
			);
			name = Frameworks;
			sourceTree = "<group>";
		};
		B7A4F0B12462C91F00DFC2C8 = {
			isa = PBXGroup;
			children = (
				B7A4F0BC2462C91F00DFC2C8 /* Login */,
				B7A4F0BB2462C91F00DFC2C8 /* Products */,
				43B4B09D764805EF69E81100 /* Pods */,
				98E465DF2F5C5D3F166CC764 /* Frameworks */,
			);
			sourceTree = "<group>";
		};
		B7A4F0BB2462C91F00DFC2C8 /* Products */ = {
			isa = PBXGroup;
			children = (
				B7A4F0BA2462C91F00DFC2C8 /* Login.app */,
			);
			name = Products;
			sourceTree = "<group>";
		};
		B7A4F0BC2462C91F00DFC2C8 /* Login */ = {
			isa = PBXGroup;
			children = (
				B7A4F0BD2462C91F00DFC2C8 /* AppDelegate.swift */,
				B7A4F0BF2462C91F00DFC2C8 /* SceneDelegate.swift */,
				B7A4F0C12462C91F00DFC2C8 /* ViewController.swift */,
				B7A4F0C32462C91F00DFC2C8 /* Main.storyboard */,
				B7A4F0C62462C92000DFC2C8 /* Assets.xcassets */,
				B7A4F0C82462C92000DFC2C8 /* LaunchScreen.storyboard */,
				B7A4F0CB2462C92000DFC2C8 /* Info.plist */,
				B7A4F0D12462CA9E00DFC2C8 /* LoginTableViewController.swift */,
				B7A4F0D32462CD8100DFC2C8 /* EmailTableViewCell.swift */,
				B7A4F0D52462D75800DFC2C8 /* PasswordTableViewCell.swift */,
				B7A4F0D72470F12600DFC2C8 /* SessionCreate.swift */,
			);
			path = Login;
			sourceTree = "<group>";
		};
/* End PBXGroup section */

/* Begin PBXNativeTarget section */
		B7A4F0B92462C91F00DFC2C8 /* Login */ = {
			isa = PBXNativeTarget;
			buildConfigurationList = B7A4F0CE2462C92000DFC2C8 /* Build configuration list for PBXNativeTarget "Login" */;
			buildPhases = (
				4210B9C8F9127400E2444289 /* [CP] Check Pods Manifest.lock */,
				B7A4F0B62462C91F00DFC2C8 /* Sources */,
				B7A4F0B72462C91F00DFC2C8 /* Frameworks */,
				B7A4F0B82462C91F00DFC2C8 /* Resources */,
				416B51CCCA2DEC03DF3BF5E8 /* [CP] Embed Pods Frameworks */,
			);
			buildRules = (
			);
			dependencies = (
			);
			name = Login;
			productName = Login;
			productReference = B7A4F0BA2462C91F00DFC2C8 /* Login.app */;
			productType = "com.apple.product-type.application";
		};
/* End PBXNativeTarget section */

/* Begin PBXProject section */
		B7A4F0B22462C91F00DFC2C8 /* Project object */ = {
			isa = PBXProject;
			attributes = {
				LastSwiftUpdateCheck = 1140;
				LastUpgradeCheck = 1140;
				ORGANIZATIONNAME = init6;
				TargetAttributes = {
					B7A4F0B92462C91F00DFC2C8 = {
						CreatedOnToolsVersion = 11.4;
					};
				};
			};
			buildConfigurationList = B7A4F0B52462C91F00DFC2C8 /* Build configuration list for PBXProject "Login" */;
			compatibilityVersion = "Xcode 9.3";
			developmentRegion = en;
			hasScannedForEncodings = 0;
			knownRegions = (
				en,
				Base,
			);
			mainGroup = B7A4F0B12462C91F00DFC2C8;
			productRefGroup = B7A4F0BB2462C91F00DFC2C8 /* Products */;
			projectDirPath = "";
			projectRoot = "";
			targets = (
				B7A4F0B92462C91F00DFC2C8 /* Login */,
			);
		};
/* End PBXProject section */

/* Begin PBXResourcesBuildPhase section */
		B7A4F0B82462C91F00DFC2C8 /* Resources */ = {
			isa = PBXResourcesBuildPhase;
			buildActionMask = 2147483647;
			files = (
				B7A4F0CA2462C92000DFC2C8 /* LaunchScreen.storyboard in Resources */,
				B7A4F0C72462C92000DFC2C8 /* Assets.xcassets in Resources */,
				B7A4F0C52462C91F00DFC2C8 /* Main.storyboard in Resources */,
			);
			runOnlyForDeploymentPostprocessing = 0;
		};
/* End PBXResourcesBuildPhase section */

/* Begin PBXShellScriptBuildPhase section */
		416B51CCCA2DEC03DF3BF5E8 /* [CP] Embed Pods Frameworks */ = {
			isa = PBXShellScriptBuildPhase;
			buildActionMask = 2147483647;
			files = (
			);
			inputFileListPaths = (
				"${PODS_ROOT}/Target Support Files/Pods-Login/Pods-Login-frameworks-${CONFIGURATION}-input-files.xcfilelist",
			);
			name = "[CP] Embed Pods Frameworks";
			outputFileListPaths = (
				"${PODS_ROOT}/Target Support Files/Pods-Login/Pods-Login-frameworks-${CONFIGURATION}-output-files.xcfilelist",
			);
			runOnlyForDeploymentPostprocessing = 0;
			shellPath = /bin/sh;
			shellScript = "\"${PODS_ROOT}/Target Support Files/Pods-Login/Pods-Login-frameworks.sh\"\n";
			showEnvVarsInLog = 0;
		};
		4210B9C8F9127400E2444289 /* [CP] Check Pods Manifest.lock */ = {
			isa = PBXShellScriptBuildPhase;
			buildActionMask = 2147483647;
			files = (
			);
			inputFileListPaths = (
			);
			inputPaths = (
				"${PODS_PODFILE_DIR_PATH}/Podfile.lock",
				"${PODS_ROOT}/Manifest.lock",
			);
			name = "[CP] Check Pods Manifest.lock";
			outputFileListPaths = (
			);
			outputPaths = (
				"$(DERIVED_FILE_DIR)/Pods-Login-checkManifestLockResult.txt",
			);
			runOnlyForDeploymentPostprocessing = 0;
			shellPath = /bin/sh;
			shellScript = "diff \"${PODS_PODFILE_DIR_PATH}/Podfile.lock\" \"${PODS_ROOT}/Manifest.lock\" > /dev/null\nif [ $? != 0 ] ; then\n    # print error to STDERR\n    echo \"error: The sandbox is not in sync with the Podfile.lock. Run 'pod install' or update your CocoaPods installation.\" >&2\n    exit 1\nfi\n# This output is used by Xcode 'outputs' to avoid re-running this script phase.\necho \"SUCCESS\" > \"${SCRIPT_OUTPUT_FILE_0}\"\n";
			showEnvVarsInLog = 0;
		};
/* End PBXShellScriptBuildPhase section */

/* Begin PBXSourcesBuildPhase section */
		B7A4F0B62462C91F00DFC2C8 /* Sources */ = {
			isa = PBXSourcesBuildPhase;
			buildActionMask = 2147483647;
			files = (
				B7A4F0D62462D75800DFC2C8 /* PasswordTableViewCell.swift in Sources */,
				B7A4F0C22462C91F00DFC2C8 /* ViewController.swift in Sources */,
				B7A4F0D22462CA9E00DFC2C8 /* LoginTableViewController.swift in Sources */,
				B7A4F0D82470F12600DFC2C8 /* SessionCreate.swift in Sources */,
				B7A4F0D42462CD8100DFC2C8 /* EmailTableViewCell.swift in Sources */,
				B7A4F0BE2462C91F00DFC2C8 /* AppDelegate.swift in Sources */,
				B7A4F0C02462C91F00DFC2C8 /* SceneDelegate.swift in Sources */,
			);
			runOnlyForDeploymentPostprocessing = 0;
		};
/* End PBXSourcesBuildPhase section */

/* Begin PBXVariantGroup section */
		B7A4F0C32462C91F00DFC2C8 /* Main.storyboard */ = {
			isa = PBXVariantGroup;
			children = (
				B7A4F0C42462C91F00DFC2C8 /* Base */,
			);
			name = Main.storyboard;
			sourceTree = "<group>";
		};
		B7A4F0C82462C92000DFC2C8 /* LaunchScreen.storyboard */ = {
			isa = PBXVariantGroup;
			children = (
				B7A4F0C92462C92000DFC2C8 /* Base */,
			);
			name = LaunchScreen.storyboard;
			sourceTree = "<group>";
		};
/* End PBXVariantGroup section */

/* Begin XCBuildConfiguration section */
		B7A4F0CC2462C92000DFC2C8 /* Debug */ = {
			isa = XCBuildConfiguration;
			buildSettings = {
				ALWAYS_SEARCH_USER_PATHS = NO;
				CLANG_ANALYZER_NONNULL = YES;
				CLANG_ANALYZER_NUMBER_OBJECT_CONVERSION = YES_AGGRESSIVE;
				CLANG_CXX_LANGUAGE_STANDARD = "gnu++14";
				CLANG_CXX_LIBRARY = "libc++";
				CLANG_ENABLE_MODULES = YES;
				CLANG_ENABLE_OBJC_ARC = YES;
				CLANG_ENABLE_OBJC_WEAK = YES;
				CLANG_WARN_BLOCK_CAPTURE_AUTORELEASING = YES;
				CLANG_WARN_BOOL_CONVERSION = YES;
				CLANG_WARN_COMMA = YES;
				CLANG_WARN_CONSTANT_CONVERSION = YES;
				CLANG_WARN_DEPRECATED_OBJC_IMPLEMENTATIONS = YES;
				CLANG_WARN_DIRECT_OBJC_ISA_USAGE = YES_ERROR;
				CLANG_WARN_DOCUMENTATION_COMMENTS = YES;
				CLANG_WARN_EMPTY_BODY = YES;
				CLANG_WARN_ENUM_CONVERSION = YES;
				CLANG_WARN_INFINITE_RECURSION = YES;
				CLANG_WARN_INT_CONVERSION = YES;
				CLANG_WARN_NON_LITERAL_NULL_CONVERSION = YES;
				CLANG_WARN_OBJC_IMPLICIT_RETAIN_SELF = YES;
				CLANG_WARN_OBJC_LITERAL_CONVERSION = YES;
				CLANG_WARN_OBJC_ROOT_CLASS = YES_ERROR;
				CLANG_WARN_RANGE_LOOP_ANALYSIS = YES;
				CLANG_WARN_STRICT_PROTOTYPES = YES;
				CLANG_WARN_SUSPICIOUS_MOVE = YES;
				CLANG_WARN_UNGUARDED_AVAILABILITY = YES_AGGRESSIVE;
				CLANG_WARN_UNREACHABLE_CODE = YES;
				CLANG_WARN__DUPLICATE_METHOD_MATCH = YES;
				COPY_PHASE_STRIP = NO;
				DEBUG_INFORMATION_FORMAT = dwarf;
				ENABLE_STRICT_OBJC_MSGSEND = YES;
				ENABLE_TESTABILITY = YES;
				GCC_C_LANGUAGE_STANDARD = gnu11;
				GCC_DYNAMIC_NO_PIC = NO;
				GCC_NO_COMMON_BLOCKS = YES;
				GCC_OPTIMIZATION_LEVEL = 0;
				GCC_PREPROCESSOR_DEFINITIONS = (
					"DEBUG=1",
					"$(inherited)",
				);
				GCC_WARN_64_TO_32_BIT_CONVERSION = YES;
				GCC_WARN_ABOUT_RETURN_TYPE = YES_ERROR;
				GCC_WARN_UNDECLARED_SELECTOR = YES;
				GCC_WARN_UNINITIALIZED_AUTOS = YES_AGGRESSIVE;
				GCC_WARN_UNUSED_FUNCTION = YES;
				GCC_WARN_UNUSED_VARIABLE = YES;
				IPHONEOS_DEPLOYMENT_TARGET = 13.4;
				MTL_ENABLE_DEBUG_INFO = INCLUDE_SOURCE;
				MTL_FAST_MATH = YES;
				ONLY_ACTIVE_ARCH = YES;
				SDKROOT = iphoneos;
				SWIFT_ACTIVE_COMPILATION_CONDITIONS = DEBUG;
				SWIFT_OPTIMIZATION_LEVEL = "-Onone";
			};
			name = Debug;
		};
		B7A4F0CD2462C92000DFC2C8 /* Release */ = {
			isa = XCBuildConfiguration;
			buildSettings = {
				ALWAYS_SEARCH_USER_PATHS = NO;
				CLANG_ANALYZER_NONNULL = YES;
				CLANG_ANALYZER_NUMBER_OBJECT_CONVERSION = YES_AGGRESSIVE;
				CLANG_CXX_LANGUAGE_STANDARD = "gnu++14";
				CLANG_CXX_LIBRARY = "libc++";
				CLANG_ENABLE_MODULES = YES;
				CLANG_ENABLE_OBJC_ARC = YES;
				CLANG_ENABLE_OBJC_WEAK = YES;
				CLANG_WARN_BLOCK_CAPTURE_AUTORELEASING = YES;
				CLANG_WARN_BOOL_CONVERSION = YES;
				CLANG_WARN_COMMA = YES;
				CLANG_WARN_CONSTANT_CONVERSION = YES;
				CLANG_WARN_DEPRECATED_OBJC_IMPLEMENTATIONS = YES;
				CLANG_WARN_DIRECT_OBJC_ISA_USAGE = YES_ERROR;
				CLANG_WARN_DOCUMENTATION_COMMENTS = YES;
				CLANG_WARN_EMPTY_BODY = YES;
				CLANG_WARN_ENUM_CONVERSION = YES;
				CLANG_WARN_INFINITE_RECURSION = YES;
				CLANG_WARN_INT_CONVERSION = YES;
				CLANG_WARN_NON_LITERAL_NULL_CONVERSION = YES;
				CLANG_WARN_OBJC_IMPLICIT_RETAIN_SELF = YES;
				CLANG_WARN_OBJC_LITERAL_CONVERSION = YES;
				CLANG_WARN_OBJC_ROOT_CLASS = YES_ERROR;
				CLANG_WARN_RANGE_LOOP_ANALYSIS = YES;
				CLANG_WARN_STRICT_PROTOTYPES = YES;
				CLANG_WARN_SUSPICIOUS_MOVE = YES;
				CLANG_WARN_UNGUARDED_AVAILABILITY = YES_AGGRESSIVE;
				CLANG_WARN_UNREACHABLE_CODE = YES;
				CLANG_WARN__DUPLICATE_METHOD_MATCH = YES;
				COPY_PHASE_STRIP = NO;
				DEBUG_INFORMATION_FORMAT = "dwarf-with-dsym";
				ENABLE_NS_ASSERTIONS = NO;
				ENABLE_STRICT_OBJC_MSGSEND = YES;
				GCC_C_LANGUAGE_STANDARD = gnu11;
				GCC_NO_COMMON_BLOCKS = YES;
				GCC_WARN_64_TO_32_BIT_CONVERSION = YES;
				GCC_WARN_ABOUT_RETURN_TYPE = YES_ERROR;
				GCC_WARN_UNDECLARED_SELECTOR = YES;
				GCC_WARN_UNINITIALIZED_AUTOS = YES_AGGRESSIVE;
				GCC_WARN_UNUSED_FUNCTION = YES;
				GCC_WARN_UNUSED_VARIABLE = YES;
				IPHONEOS_DEPLOYMENT_TARGET = 13.4;
				MTL_ENABLE_DEBUG_INFO = NO;
				MTL_FAST_MATH = YES;
				SDKROOT = iphoneos;
				SWIFT_COMPILATION_MODE = wholemodule;
				SWIFT_OPTIMIZATION_LEVEL = "-O";
				VALIDATE_PRODUCT = YES;
			};
			name = Release;
		};
		B7A4F0CF2462C92000DFC2C8 /* Debug */ = {
			isa = XCBuildConfiguration;
			baseConfigurationReference = E2F6636A78366CD1BDC2413D /* Pods-Login.debug.xcconfig */;
			buildSettings = {
				ASSETCATALOG_COMPILER_APPICON_NAME = AppIcon;
				CODE_SIGN_STYLE = Automatic;
				DEVELOPMENT_TEAM = UZD9H539T7;
				INFOPLIST_FILE = Login/Info.plist;
				LD_RUNPATH_SEARCH_PATHS = (
					"$(inherited)",
					"@executable_path/Frameworks",
				);
				PRODUCT_BUNDLE_IDENTIFIER = jp.co.init6.Login;
				PRODUCT_NAME = "$(TARGET_NAME)";
				SWIFT_VERSION = 5.0;
				TARGETED_DEVICE_FAMILY = "1,2";
			};
			name = Debug;
		};
		B7A4F0D02462C92000DFC2C8 /* Release */ = {
			isa = XCBuildConfiguration;
			baseConfigurationReference = CC36A5D944DB31E84C84E228 /* Pods-Login.release.xcconfig */;
			buildSettings = {
				ASSETCATALOG_COMPILER_APPICON_NAME = AppIcon;
				CODE_SIGN_STYLE = Automatic;
				DEVELOPMENT_TEAM = UZD9H539T7;
				INFOPLIST_FILE = Login/Info.plist;
				LD_RUNPATH_SEARCH_PATHS = (
					"$(inherited)",
					"@executable_path/Frameworks",
				);
				PRODUCT_BUNDLE_IDENTIFIER = jp.co.init6.Login;
				PRODUCT_NAME = "$(TARGET_NAME)";
				SWIFT_VERSION = 5.0;
				TARGETED_DEVICE_FAMILY = "1,2";
			};
			name = Release;
		};
/* End XCBuildConfiguration section */

/* Begin XCConfigurationList section */
		B7A4F0B52462C91F00DFC2C8 /* Build configuration list for PBXProject "Login" */ = {
			isa = XCConfigurationList;
			buildConfigurations = (
				B7A4F0CC2462C92000DFC2C8 /* Debug */,
				B7A4F0CD2462C92000DFC2C8 /* Release */,
			);
			defaultConfigurationIsVisible = 0;
			defaultConfigurationName = Release;
		};
		B7A4F0CE2462C92000DFC2C8 /* Build configuration list for PBXNativeTarget "Login" */ = {
			isa = XCConfigurationList;
			buildConfigurations = (
				B7A4F0CF2462C92000DFC2C8 /* Debug */,
				B7A4F0D02462C92000DFC2C8 /* Release */,
			);
			defaultConfigurationIsVisible = 0;
			defaultConfigurationName = Release;
		};
/* End XCConfigurationList section */
	};
	rootObject = B7A4F0B22462C91F00DFC2C8 /* Project object */;
}
